
Microsoft Visual Studio Solution File, Format Version 11.00
# Visual Studio 2010
Project("{FAE04EC0-301F-11D3-BF4B-00C04F79EFBC}") = "DataCardinality", "DataCardinality.csproj", "{66716C17-F032-4864-A82A-3F69A0216EAE}"
EndProject
Global
	GlobalSection(SolutionConfigurationPlatforms) = preSolution
		Debug|Any CPU = Debug|Any CPU
		Release|Any CPU = Release|Any CPU
	EndGlobalSection
	GlobalSection(ProjectConfigurationPlatforms) = postSolution
		{66716C17-F032-4864-A82A-3F69A0216EAE}.Debug|Any CPU.ActiveCfg = Debug|Any CPU
		{66716C17-F032-4864-A82A-3F69A0216EAE}.Debug|Any CPU.Build.0 = Debug|Any CPU
		{66716C17-F032-4864-A82A-3F69A0216EAE}.Release|Any CPU.ActiveCfg = Release|Any CPU
		{66716C17-F032-4864-A82A-3F69A0216EAE}.Release|Any CPU.Build.0 = Release|Any CPU
	EndGlobalSection
	GlobalSection(SolutionProperties) = preSolution
		HideSolutionNode = FALSE
	EndGlobalSection
EndGlobal
